// !$*UTF8*$!
{
	archiveVersion = 1;
	classes = {
	};
	objectVersion = 56;
	objects = {

/* Begin PBXBuildFile section */
		291ACE972C376EA4006DF1F7 /* MessageSender.swift in Sources */ = {isa = PBXBuildFile; fileRef = 291ACE962C376EA4006DF1F7 /* MessageSender.swift */; };
		291ACEB42C39D1B5006DF1F7 /* NavigationView.swift in Sources */ = {isa = PBXBuildFile; fileRef = 291ACEB32C39D1B5006DF1F7 /* NavigationView.swift */; };
		291ACEB62C39EB2A006DF1F7 /* SettingsView.swift in Sources */ = {isa = PBXBuildFile; fileRef = 291ACEB52C39EB2A006DF1F7 /* SettingsView.swift */; };
		291ACEBC2C3A0486006DF1F7 /* LocationManager.swift in Sources */ = {isa = PBXBuildFile; fileRef = 291ACEBB2C3A0486006DF1F7 /* LocationManager.swift */; };
		291ACEBE2C3A31D8006DF1F7 /* LocationDeniedView.swift in Sources */ = {isa = PBXBuildFile; fileRef = 291ACEBD2C3A31D8006DF1F7 /* LocationDeniedView.swift */; };
		291ACEC22C3C50F2006DF1F7 /* GridModel.swift in Sources */ = {isa = PBXBuildFile; fileRef = 291ACEC12C3C50F2006DF1F7 /* GridModel.swift */; };
		291ACEC42C3CE9DB006DF1F7 /* NavigationModel.swift in Sources */ = {isa = PBXBuildFile; fileRef = 291ACEC32C3CE9DB006DF1F7 /* NavigationModel.swift */; };
		2924B8B32C3431DC007FDC86 /* MapModel.swift in Sources */ = {isa = PBXBuildFile; fileRef = 2924B8B22C3431DC007FDC86 /* MapModel.swift */; };
		2933E4002C2B0F8000090F77 /* SiteMarker.swift in Sources */ = {isa = PBXBuildFile; fileRef = 2933E3FF2C2B0F8000090F77 /* SiteMarker.swift */; };
		296F65A62C32012B00738AB3 /* CalliperModel.swift in Sources */ = {isa = PBXBuildFile; fileRef = 296F65A52C32012B00738AB3 /* CalliperModel.swift */; };
		296F65AA2C32098F00738AB3 /* ControlsView.swift in Sources */ = {isa = PBXBuildFile; fileRef = 296F65A92C32098F00738AB3 /* ControlsView.swift */; };
		2987B8C22C2F028D00A61E9E /* SiteDetailView.swift in Sources */ = {isa = PBXBuildFile; fileRef = 2987B8C12C2F028D00A61E9E /* SiteDetailView.swift */; };
		298AFA3C2C248D300035BA82 /* MapView.swift in Sources */ = {isa = PBXBuildFile; fileRef = 298AFA3B2C248D300035BA82 /* MapView.swift */; };
		29ADC16A2C289D2700603A92 /* MapButtonsView.swift in Sources */ = {isa = PBXBuildFile; fileRef = 29ADC1692C289D2700603A92 /* MapButtonsView.swift */; };
		29ADC16F2C2AF4E500603A92 /* CrossHairView.swift in Sources */ = {isa = PBXBuildFile; fileRef = 29ADC16E2C2AF4E500603A92 /* CrossHairView.swift */; };
		29B785FB2C21ED8D00262B3C /* KickAssApp.swift in Sources */ = {isa = PBXBuildFile; fileRef = 29B785FA2C21ED8D00262B3C /* KickAssApp.swift */; };
		29B785FD2C21ED8D00262B3C /* ContentView.swift in Sources */ = {isa = PBXBuildFile; fileRef = 29B785FC2C21ED8D00262B3C /* ContentView.swift */; };
		29B785FF2C21ED8E00262B3C /* Assets.xcassets in Resources */ = {isa = PBXBuildFile; fileRef = 29B785FE2C21ED8E00262B3C /* Assets.xcassets */; };
		29B786022C21ED8E00262B3C /* Preview Assets.xcassets in Resources */ = {isa = PBXBuildFile; fileRef = 29B786012C21ED8E00262B3C /* Preview Assets.xcassets */; };
/* End PBXBuildFile section */

/* Begin PBXFileReference section */
		291ACE962C376EA4006DF1F7 /* MessageSender.swift */ = {isa = PBXFileReference; lastKnownFileType = sourcecode.swift; path = MessageSender.swift; sourceTree = "<group>"; };
		291ACEB32C39D1B5006DF1F7 /* NavigationView.swift */ = {isa = PBXFileReference; lastKnownFileType = sourcecode.swift; path = NavigationView.swift; sourceTree = "<group>"; };
		291ACEB52C39EB2A006DF1F7 /* SettingsView.swift */ = {isa = PBXFileReference; lastKnownFileType = sourcecode.swift; path = SettingsView.swift; sourceTree = "<group>"; };
		291ACEBB2C3A0486006DF1F7 /* LocationManager.swift */ = {isa = PBXFileReference; lastKnownFileType = sourcecode.swift; path = LocationManager.swift; sourceTree = "<group>"; };
		291ACEBD2C3A31D8006DF1F7 /* LocationDeniedView.swift */ = {isa = PBXFileReference; lastKnownFileType = sourcecode.swift; path = LocationDeniedView.swift; sourceTree = "<group>"; };
		291ACEC12C3C50F2006DF1F7 /* GridModel.swift */ = {isa = PBXFileReference; lastKnownFileType = sourcecode.swift; path = GridModel.swift; sourceTree = "<group>"; };
		291ACEC32C3CE9DB006DF1F7 /* NavigationModel.swift */ = {isa = PBXFileReference; lastKnownFileType = sourcecode.swift; path = NavigationModel.swift; sourceTree = "<group>"; };
		2924B8B22C3431DC007FDC86 /* MapModel.swift */ = {isa = PBXFileReference; lastKnownFileType = sourcecode.swift; path = MapModel.swift; sourceTree = "<group>"; };
		2933E3FF2C2B0F8000090F77 /* SiteMarker.swift */ = {isa = PBXFileReference; lastKnownFileType = sourcecode.swift; path = SiteMarker.swift; sourceTree = "<group>"; };
		296F65A52C32012B00738AB3 /* CalliperModel.swift */ = {isa = PBXFileReference; lastKnownFileType = sourcecode.swift; path = CalliperModel.swift; sourceTree = "<group>"; };
		296F65A92C32098F00738AB3 /* ControlsView.swift */ = {isa = PBXFileReference; lastKnownFileType = sourcecode.swift; path = ControlsView.swift; sourceTree = "<group>"; };
		2987B8C12C2F028D00A61E9E /* SiteDetailView.swift */ = {isa = PBXFileReference; lastKnownFileType = sourcecode.swift; path = SiteDetailView.swift; sourceTree = "<group>"; };
		298AFA3B2C248D300035BA82 /* MapView.swift */ = {isa = PBXFileReference; lastKnownFileType = sourcecode.swift; path = MapView.swift; sourceTree = "<group>"; };
		29ADC1692C289D2700603A92 /* MapButtonsView.swift */ = {isa = PBXFileReference; lastKnownFileType = sourcecode.swift; path = MapButtonsView.swift; sourceTree = "<group>"; };
		29ADC16E2C2AF4E500603A92 /* CrossHairView.swift */ = {isa = PBXFileReference; lastKnownFileType = sourcecode.swift; path = CrossHairView.swift; sourceTree = "<group>"; };
		29B785F72C21ED8D00262B3C /* AZTH_Navigator.app */ = {isa = PBXFileReference; explicitFileType = wrapper.application; includeInIndex = 0; path = AZTH_Navigator.app; sourceTree = BUILT_PRODUCTS_DIR; };
		29B785FA2C21ED8D00262B3C /* KickAssApp.swift */ = {isa = PBXFileReference; lastKnownFileType = sourcecode.swift; path = KickAssApp.swift; sourceTree = "<group>"; };
		29B785FC2C21ED8D00262B3C /* ContentView.swift */ = {isa = PBXFileReference; lastKnownFileType = sourcecode.swift; path = ContentView.swift; sourceTree = "<group>"; };
		29B785FE2C21ED8E00262B3C /* Assets.xcassets */ = {isa = PBXFileReference; lastKnownFileType = folder.assetcatalog; path = Assets.xcassets; sourceTree = "<group>"; };
		29B786012C21ED8E00262B3C /* Preview Assets.xcassets */ = {isa = PBXFileReference; lastKnownFileType = folder.assetcatalog; path = "Preview Assets.xcassets"; sourceTree = "<group>"; };
/* End PBXFileReference section */

/* Begin PBXFrameworksBuildPhase section */
		29B785F42C21ED8D00262B3C /* Frameworks */ = {
			isa = PBXFrameworksBuildPhase;
			buildActionMask = 2147483647;
			files = (
			);
			runOnlyForDeploymentPostprocessing = 0;
		};
/* End PBXFrameworksBuildPhase section */

/* Begin PBXGroup section */
		291ACEB22C39A81A006DF1F7 /* Services */ = {
			isa = PBXGroup;
			children = (
				291ACE962C376EA4006DF1F7 /* MessageSender.swift */,
				291ACEBB2C3A0486006DF1F7 /* LocationManager.swift */,
			);
			path = Services;
			sourceTree = "<group>";
		};
		2933E3FE2C2B0EA100090F77 /* Models */ = {
			isa = PBXGroup;
			children = (
				2924B8B22C3431DC007FDC86 /* MapModel.swift */,
				291ACEC12C3C50F2006DF1F7 /* GridModel.swift */,
				296F65A52C32012B00738AB3 /* CalliperModel.swift */,
				291ACEC32C3CE9DB006DF1F7 /* NavigationModel.swift */,
				2933E3FF2C2B0F8000090F77 /* SiteMarker.swift */,
			);
			path = Models;
			sourceTree = "<group>";
		};
		298AFA3D2C248D4F0035BA82 /* Views */ = {
			isa = PBXGroup;
			children = (
				298AFA3B2C248D300035BA82 /* MapView.swift */,
				29ADC1692C289D2700603A92 /* MapButtonsView.swift */,
				29ADC16E2C2AF4E500603A92 /* CrossHairView.swift */,
				2987B8C12C2F028D00A61E9E /* SiteDetailView.swift */,
				296F65A92C32098F00738AB3 /* ControlsView.swift */,
				291ACEB52C39EB2A006DF1F7 /* SettingsView.swift */,
				291ACEB32C39D1B5006DF1F7 /* NavigationView.swift */,
				291ACEBD2C3A31D8006DF1F7 /* LocationDeniedView.swift */,
			);
			path = Views;
			sourceTree = "<group>";
		};
		29B785EE2C21ED8D00262B3C = {
			isa = PBXGroup;
			children = (
				29B785F92C21ED8D00262B3C /* AZTH_Navigator */,
				29B785F82C21ED8D00262B3C /* Products */,
			);
			sourceTree = "<group>";
		};
		29B785F82C21ED8D00262B3C /* Products */ = {
			isa = PBXGroup;
			children = (
				29B785F72C21ED8D00262B3C /* AZTH_Navigator.app */,
			);
			name = Products;
			sourceTree = "<group>";
		};
		29B785F92C21ED8D00262B3C /* AZTH_Navigator */ = {
			isa = PBXGroup;
			children = (
				29B785FA2C21ED8D00262B3C /* KickAssApp.swift */,
				29B785FC2C21ED8D00262B3C /* ContentView.swift */,
				2933E3FE2C2B0EA100090F77 /* Models */,
				298AFA3D2C248D4F0035BA82 /* Views */,
				291ACEB22C39A81A006DF1F7 /* Services */,
				29B785FE2C21ED8E00262B3C /* Assets.xcassets */,
				29B786002C21ED8E00262B3C /* Preview Content */,
			);
			path = AZTH_Navigator;
			sourceTree = "<group>";
		};
		29B786002C21ED8E00262B3C /* Preview Content */ = {
			isa = PBXGroup;
			children = (
				29B786012C21ED8E00262B3C /* Preview Assets.xcassets */,
			);
			path = "Preview Content";
			sourceTree = "<group>";
		};
/* End PBXGroup section */

/* Begin PBXNativeTarget section */
		29B785F62C21ED8D00262B3C /* AZTH_Navigator */ = {
			isa = PBXNativeTarget;
			buildConfigurationList = 29B786052C21ED8E00262B3C /* Build configuration list for PBXNativeTarget "AZTH_Navigator" */;
			buildPhases = (
				29B785F32C21ED8D00262B3C /* Sources */,
				29B785F42C21ED8D00262B3C /* Frameworks */,
				29B785F52C21ED8D00262B3C /* Resources */,
			);
			buildRules = (
			);
			dependencies = (
			);
			name = AZTH_Navigator;
			productName = AZTH_Navigator;
			productReference = 29B785F72C21ED8D00262B3C /* AZTH_Navigator.app */;
			productType = "com.apple.product-type.application";
		};
/* End PBXNativeTarget section */

/* Begin PBXProject section */
		29B785EF2C21ED8D00262B3C /* Project object */ = {
			isa = PBXProject;
			attributes = {
				BuildIndependentTargetsInParallel = 1;
				LastSwiftUpdateCheck = 1540;
				LastUpgradeCheck = 1540;
				TargetAttributes = {
					29B785F62C21ED8D00262B3C = {
						CreatedOnToolsVersion = 15.4;
					};
				};
			};
			buildConfigurationList = 29B785F22C21ED8D00262B3C /* Build configuration list for PBXProject "AZTH_Navigator" */;
			compatibilityVersion = "Xcode 14.0";
			developmentRegion = en;
			hasScannedForEncodings = 0;
			knownRegions = (
				en,
				Base,
			);
			mainGroup = 29B785EE2C21ED8D00262B3C;
			productRefGroup = 29B785F82C21ED8D00262B3C /* Products */;
			projectDirPath = "";
			projectRoot = "";
			targets = (
				29B785F62C21ED8D00262B3C /* AZTH_Navigator */,
			);
		};
/* End PBXProject section */

/* Begin PBXResourcesBuildPhase section */
		29B785F52C21ED8D00262B3C /* Resources */ = {
			isa = PBXResourcesBuildPhase;
			buildActionMask = 2147483647;
			files = (
				29B786022C21ED8E00262B3C /* Preview Assets.xcassets in Resources */,
				29B785FF2C21ED8E00262B3C /* Assets.xcassets in Resources */,
			);
			runOnlyForDeploymentPostprocessing = 0;
		};
/* End PBXResourcesBuildPhase section */

/* Begin PBXSourcesBuildPhase section */
		29B785F32C21ED8D00262B3C /* Sources */ = {
			isa = PBXSourcesBuildPhase;
			buildActionMask = 2147483647;
			files = (
				29ADC16A2C289D2700603A92 /* MapButtonsView.swift in Sources */,
				2933E4002C2B0F8000090F77 /* SiteMarker.swift in Sources */,
				29B785FD2C21ED8D00262B3C /* ContentView.swift in Sources */,
				291ACEB62C39EB2A006DF1F7 /* SettingsView.swift in Sources */,
				298AFA3C2C248D300035BA82 /* MapView.swift in Sources */,
				291ACEC22C3C50F2006DF1F7 /* GridModel.swift in Sources */,
				291ACEBC2C3A0486006DF1F7 /* LocationManager.swift in Sources */,
				29ADC16F2C2AF4E500603A92 /* CrossHairView.swift in Sources */,
				2987B8C22C2F028D00A61E9E /* SiteDetailView.swift in Sources */,
				291ACE972C376EA4006DF1F7 /* MessageSender.swift in Sources */,
				291ACEBE2C3A31D8006DF1F7 /* LocationDeniedView.swift in Sources */,
				291ACEB42C39D1B5006DF1F7 /* NavigationView.swift in Sources */,
				296F65AA2C32098F00738AB3 /* ControlsView.swift in Sources */,
				29B785FB2C21ED8D00262B3C /* KickAssApp.swift in Sources */,
				291ACEC42C3CE9DB006DF1F7 /* NavigationModel.swift in Sources */,
				296F65A62C32012B00738AB3 /* CalliperModel.swift in Sources */,
				2924B8B32C3431DC007FDC86 /* MapModel.swift in Sources */,
			);
			runOnlyForDeploymentPostprocessing = 0;
		};
/* End PBXSourcesBuildPhase section */

/* Begin XCBuildConfiguration section */
		29B786032C21ED8E00262B3C /* Debug */ = {
			isa = XCBuildConfiguration;
			buildSettings = {
				ALWAYS_SEARCH_USER_PATHS = NO;
				ASSETCATALOG_COMPILER_GENERATE_SWIFT_ASSET_SYMBOL_EXTENSIONS = YES;
				CLANG_ANALYZER_NONNULL = YES;
				CLANG_ANALYZER_NUMBER_OBJECT_CONVERSION = YES_AGGRESSIVE;
				CLANG_CXX_LANGUAGE_STANDARD = "gnu++20";
				CLANG_ENABLE_MODULES = YES;
				CLANG_ENABLE_OBJC_ARC = YES;
				CLANG_ENABLE_OBJC_WEAK = YES;
				CLANG_WARN_BLOCK_CAPTURE_AUTORELEASING = YES;
				CLANG_WARN_BOOL_CONVERSION = YES;
				CLANG_WARN_COMMA = YES;
				CLANG_WARN_CONSTANT_CONVERSION = YES;
				CLANG_WARN_DEPRECATED_OBJC_IMPLEMENTATIONS = YES;
				CLANG_WARN_DIRECT_OBJC_ISA_USAGE = YES_ERROR;
				CLANG_WARN_DOCUMENTATION_COMMENTS = YES;
				CLANG_WARN_EMPTY_BODY = YES;
				CLANG_WARN_ENUM_CONVERSION = YES;
				CLANG_WARN_INFINITE_RECURSION = YES;
				CLANG_WARN_INT_CONVERSION = YES;
				CLANG_WARN_NON_LITERAL_NULL_CONVERSION = YES;
				CLANG_WARN_OBJC_IMPLICIT_RETAIN_SELF = YES;
				CLANG_WARN_OBJC_LITERAL_CONVERSION = YES;
				CLANG_WARN_OBJC_ROOT_CLASS = YES_ERROR;
				CLANG_WARN_QUOTED_INCLUDE_IN_FRAMEWORK_HEADER = YES;
				CLANG_WARN_RANGE_LOOP_ANALYSIS = YES;
				CLANG_WARN_STRICT_PROTOTYPES = YES;
				CLANG_WARN_SUSPICIOUS_MOVE = YES;
				CLANG_WARN_UNGUARDED_AVAILABILITY = YES_AGGRESSIVE;
				CLANG_WARN_UNREACHABLE_CODE = YES;
				CLANG_WARN__DUPLICATE_METHOD_MATCH = YES;
				COPY_PHASE_STRIP = NO;
				DEBUG_INFORMATION_FORMAT = dwarf;
				ENABLE_STRICT_OBJC_MSGSEND = YES;
				ENABLE_TESTABILITY = YES;
				ENABLE_USER_SCRIPT_SANDBOXING = YES;
				GCC_C_LANGUAGE_STANDARD = gnu17;
				GCC_DYNAMIC_NO_PIC = NO;
				GCC_NO_COMMON_BLOCKS = YES;
				GCC_OPTIMIZATION_LEVEL = 0;
				GCC_PREPROCESSOR_DEFINITIONS = (
					"DEBUG=1",
					"$(inherited)",
				);
				GCC_WARN_64_TO_32_BIT_CONVERSION = YES;
				GCC_WARN_ABOUT_RETURN_TYPE = YES_ERROR;
				GCC_WARN_UNDECLARED_SELECTOR = YES;
				GCC_WARN_UNINITIALIZED_AUTOS = YES_AGGRESSIVE;
				GCC_WARN_UNUSED_FUNCTION = YES;
				GCC_WARN_UNUSED_VARIABLE = YES;
				IPHONEOS_DEPLOYMENT_TARGET = 17.5;
				LOCALIZATION_PREFERS_STRING_CATALOGS = YES;
				MTL_ENABLE_DEBUG_INFO = INCLUDE_SOURCE;
				MTL_FAST_MATH = YES;
				ONLY_ACTIVE_ARCH = YES;
				SDKROOT = iphoneos;
				SWIFT_ACTIVE_COMPILATION_CONDITIONS = "DEBUG $(inherited)";
				SWIFT_OPTIMIZATION_LEVEL = "-Onone";
			};
			name = Debug;
		};
		29B786042C21ED8E00262B3C /* Release */ = {
			isa = XCBuildConfiguration;
			buildSettings = {
				ALWAYS_SEARCH_USER_PATHS = NO;
				ASSETCATALOG_COMPILER_GENERATE_SWIFT_ASSET_SYMBOL_EXTENSIONS = YES;
				CLANG_ANALYZER_NONNULL = YES;
				CLANG_ANALYZER_NUMBER_OBJECT_CONVERSION = YES_AGGRESSIVE;
				CLANG_CXX_LANGUAGE_STANDARD = "gnu++20";
				CLANG_ENABLE_MODULES = YES;
				CLANG_ENABLE_OBJC_ARC = YES;
				CLANG_ENABLE_OBJC_WEAK = YES;
				CLANG_WARN_BLOCK_CAPTURE_AUTORELEASING = YES;
				CLANG_WARN_BOOL_CONVERSION = YES;
				CLANG_WARN_COMMA = YES;
				CLANG_WARN_CONSTANT_CONVERSION = YES;
				CLANG_WARN_DEPRECATED_OBJC_IMPLEMENTATIONS = YES;
				CLANG_WARN_DIRECT_OBJC_ISA_USAGE = YES_ERROR;
				CLANG_WARN_DOCUMENTATION_COMMENTS = YES;
				CLANG_WARN_EMPTY_BODY = YES;
				CLANG_WARN_ENUM_CONVERSION = YES;
				CLANG_WARN_INFINITE_RECURSION = YES;
				CLANG_WARN_INT_CONVERSION = YES;
				CLANG_WARN_NON_LITERAL_NULL_CONVERSION = YES;
				CLANG_WARN_OBJC_IMPLICIT_RETAIN_SELF = YES;
				CLANG_WARN_OBJC_LITERAL_CONVERSION = YES;
				CLANG_WARN_OBJC_ROOT_CLASS = YES_ERROR;
				CLANG_WARN_QUOTED_INCLUDE_IN_FRAMEWORK_HEADER = YES;
				CLANG_WARN_RANGE_LOOP_ANALYSIS = YES;
				CLANG_WARN_STRICT_PROTOTYPES = YES;
				CLANG_WARN_SUSPICIOUS_MOVE = YES;
				CLANG_WARN_UNGUARDED_AVAILABILITY = YES_AGGRESSIVE;
				CLANG_WARN_UNREACHABLE_CODE = YES;
				CLANG_WARN__DUPLICATE_METHOD_MATCH = YES;
				COPY_PHASE_STRIP = NO;
				DEBUG_INFORMATION_FORMAT = "dwarf-with-dsym";
				ENABLE_NS_ASSERTIONS = NO;
				ENABLE_STRICT_OBJC_MSGSEND = YES;
				ENABLE_USER_SCRIPT_SANDBOXING = YES;
				GCC_C_LANGUAGE_STANDARD = gnu17;
				GCC_NO_COMMON_BLOCKS = YES;
				GCC_WARN_64_TO_32_BIT_CONVERSION = YES;
				GCC_WARN_ABOUT_RETURN_TYPE = YES_ERROR;
				GCC_WARN_UNDECLARED_SELECTOR = YES;
				GCC_WARN_UNINITIALIZED_AUTOS = YES_AGGRESSIVE;
				GCC_WARN_UNUSED_FUNCTION = YES;
				GCC_WARN_UNUSED_VARIABLE = YES;
				IPHONEOS_DEPLOYMENT_TARGET = 17.5;
				LOCALIZATION_PREFERS_STRING_CATALOGS = YES;
				MTL_ENABLE_DEBUG_INFO = NO;
				MTL_FAST_MATH = YES;
				SDKROOT = iphoneos;
				SWIFT_COMPILATION_MODE = wholemodule;
				VALIDATE_PRODUCT = YES;
			};
			name = Release;
		};
		29B786062C21ED8E00262B3C /* Debug */ = {
			isa = XCBuildConfiguration;
			buildSettings = {
				ASSETCATALOG_COMPILER_APPICON_NAME = AppIcon;
				ASSETCATALOG_COMPILER_GLOBAL_ACCENT_COLOR_NAME = AccentColor;
				CODE_SIGN_STYLE = Automatic;
				CURRENT_PROJECT_VERSION = 1;
				DEVELOPMENT_ASSET_PATHS = "\"AZTH_Navigator/Preview Content\"";
				DEVELOPMENT_TEAM = 477527MZAP;
				ENABLE_PREVIEWS = YES;
				GENERATE_INFOPLIST_FILE = YES;
				INFOPLIST_KEY_NSLocationWhenInUseUsageDescription = "Uses your location to guide you to the clue sites";
				INFOPLIST_KEY_UIApplicationSceneManifest_Generation = YES;
				INFOPLIST_KEY_UIApplicationSupportsIndirectInputEvents = YES;
				INFOPLIST_KEY_UILaunchScreen_Generation = YES;
				INFOPLIST_KEY_UISupportedInterfaceOrientations_iPad = "UIInterfaceOrientationPortrait UIInterfaceOrientationPortraitUpsideDown UIInterfaceOrientationLandscapeLeft UIInterfaceOrientationLandscapeRight";
				INFOPLIST_KEY_UISupportedInterfaceOrientations_iPhone = "UIInterfaceOrientationPortrait UIInterfaceOrientationLandscapeLeft UIInterfaceOrientationLandscapeRight";
				LD_RUNPATH_SEARCH_PATHS = (
					"$(inherited)",
					"@executable_path/Frameworks",
				);
				MARKETING_VERSION = 1.0;
				PRODUCT_BUNDLE_IDENTIFIER = "com.InfiniteNovice.AZTH-Navigator";
				PRODUCT_NAME = "$(TARGET_NAME)";
				SWIFT_EMIT_LOC_STRINGS = YES;
				SWIFT_VERSION = 5.0;
				TARGETED_DEVICE_FAMILY = "1,2";
			};
			name = Debug;
		};
		29B786072C21ED8E00262B3C /* Release */ = {
			isa = XCBuildConfiguration;
			buildSettings = {
				ASSETCATALOG_COMPILER_APPICON_NAME = AppIcon;
				ASSETCATALOG_COMPILER_GLOBAL_ACCENT_COLOR_NAME = AccentColor;
				CODE_SIGN_STYLE = Automatic;
				CURRENT_PROJECT_VERSION = 1;
				DEVELOPMENT_ASSET_PATHS = "\"AZTH_Navigator/Preview Content\"";
				DEVELOPMENT_TEAM = 477527MZAP;
				ENABLE_PREVIEWS = YES;
				GENERATE_INFOPLIST_FILE = YES;
				INFOPLIST_KEY_NSLocationWhenInUseUsageDescription = "Uses your location to guide you to the clue sites";
				INFOPLIST_KEY_UIApplicationSceneManifest_Generation = YES;
				INFOPLIST_KEY_UIApplicationSupportsIndirectInputEvents = YES;
				INFOPLIST_KEY_UILaunchScreen_Generation = YES;
				INFOPLIST_KEY_UISupportedInterfaceOrientations_iPad = "UIInterfaceOrientationPortrait UIInterfaceOrientationPortraitUpsideDown UIInterfaceOrientationLandscapeLeft UIInterfaceOrientationLandscapeRight";
				INFOPLIST_KEY_UISupportedInterfaceOrientations_iPhone = "UIInterfaceOrientationPortrait UIInterfaceOrientationLandscapeLeft UIInterfaceOrientationLandscapeRight";
				LD_RUNPATH_SEARCH_PATHS = (
					"$(inherited)",
					"@executable_path/Frameworks",
				);
				MARKETING_VERSION = 1.0;
				PRODUCT_BUNDLE_IDENTIFIER = "com.InfiniteNovice.AZTH-Navigator";
				PRODUCT_NAME = "$(TARGET_NAME)";
				SWIFT_EMIT_LOC_STRINGS = YES;
				SWIFT_VERSION = 5.0;
				TARGETED_DEVICE_FAMILY = "1,2";
			};
			name = Release;
		};
/* End XCBuildConfiguration section */

/* Begin XCConfigurationList section */
		29B785F22C21ED8D00262B3C /* Build configuration list for PBXProject "AZTH_Navigator" */ = {
			isa = XCConfigurationList;
			buildConfigurations = (
				29B786032C21ED8E00262B3C /* Debug */,
				29B786042C21ED8E00262B3C /* Release */,
			);
			defaultConfigurationIsVisible = 0;
			defaultConfigurationName = Release;
		};
		29B786052C21ED8E00262B3C /* Build configuration list for PBXNativeTarget "AZTH_Navigator" */ = {
			isa = XCConfigurationList;
			buildConfigurations = (
				29B786062C21ED8E00262B3C /* Debug */,
				29B786072C21ED8E00262B3C /* Release */,
			);
			defaultConfigurationIsVisible = 0;
			defaultConfigurationName = Release;
		};
/* End XCConfigurationList section */
	};
	rootObject = 29B785EF2C21ED8D00262B3C /* Project object */;
}
